
Microsoft Visual Studio Solution File, Format Version 12.00
# Visual Studio Version 16
VisualStudioVersion = 16.0.28729.10
MinimumVisualStudioVersion = 10.0.40219.1
Project("{FAE04EC0-301F-11D3-BF4B-00C04F79EFBC}") = "SimpleCalculator", "SimpleCalculator\SimpleCalculator.csproj", "{8E8A8BCF-2B32-4DF1-9F46-86D081EE20E3}"
EndProject
Project("{FAE04EC0-301F-11D3-BF4B-00C04F79EFBC}") = "SimpleCalculator.Test.Unit", "SimpleCalculator.Test.Unit\SimpleCalculator.Test.Unit.csproj", "{E1BC047D-7501-47DB-8028-34E28354F1C8}"
EndProject
Global
	GlobalSection(SolutionConfigurationPlatforms) = preSolution
		Debug|Any CPU = Debug|Any CPU
		Release|Any CPU = Release|Any CPU
	EndGlobalSection
	GlobalSection(ProjectConfigurationPlatforms) = postSolution
		{8E8A8BCF-2B32-4DF1-9F46-86D081EE20E3}.Debug|Any CPU.ActiveCfg = Debug|Any CPU
		{8E8A8BCF-2B32-4DF1-9F46-86D081EE20E3}.Debug|Any CPU.Build.0 = Debug|Any CPU
		{8E8A8BCF-2B32-4DF1-9F46-86D081EE20E3}.Release|Any CPU.ActiveCfg = Release|Any CPU
		{8E8A8BCF-2B32-4DF1-9F46-86D081EE20E3}.Release|Any CPU.Build.0 = Release|Any CPU
		{E1BC047D-7501-47DB-8028-34E28354F1C8}.Debug|Any CPU.ActiveCfg = Debug|Any CPU
		{E1BC047D-7501-47DB-8028-34E28354F1C8}.Debug|Any CPU.Build.0 = Debug|Any CPU
		{E1BC047D-7501-47DB-8028-34E28354F1C8}.Release|Any CPU.ActiveCfg = Release|Any CPU
		{E1BC047D-7501-47DB-8028-34E28354F1C8}.Release|Any CPU.Build.0 = Release|Any CPU
	EndGlobalSection
	GlobalSection(SolutionProperties) = preSolution
		HideSolutionNode = FALSE
	EndGlobalSection
	GlobalSection(ExtensibilityGlobals) = postSolution
		SolutionGuid = {FF200992-BB17-4FA7-83BD-0E154352983F}
	EndGlobalSection
EndGlobal
